
Microsoft Visual Studio Solution File, Format Version 12.00
# Visual Studio Version 16
VisualStudioVersion = 16.0.30907.101
MinimumVisualStudioVersion = 15.0.26124.0
Project("{FAE04EC0-301F-11D3-BF4B-00C04F79EFBC}") = "GraphQL.Authorization.AspNetCore.Identity", "GraphQL.Authorization.AspNetCore.Identity\GraphQL.Authorization.AspNetCore.Identity.csproj", "{9D701540-157A-4C8E-B2C9-C7881C23780C}"
EndProject
Project("{FAE04EC0-301F-11D3-BF4B-00C04F79EFBC}") = "GraphQL.Authorization.AspNetCore.Identity.Tests", "GraphQL.Authorization.AspNetCore.Identity.Tests\GraphQL.Authorization.AspNetCore.Identity.Tests.csproj", "{4AEEA4F2-929B-4D67-9193-AD32875A15AB}"
EndProject
Project("{FAE04EC0-301F-11D3-BF4B-00C04F79EFBC}") = "GraphQL.Authorization.AspNetCore.Identity.Demo", "GraphQL.Authorization.AspNetCore.Identity.Demo\GraphQL.Authorization.AspNetCore.Identity.Demo.csproj", "{8703EC00-6C8D-48F5-BEDF-D3473BAD73E3}"
EndProject
Global
	GlobalSection(SolutionConfigurationPlatforms) = preSolution
		Debug|Any CPU = Debug|Any CPU
		Debug|x64 = Debug|x64
		Debug|x86 = Debug|x86
		Release|Any CPU = Release|Any CPU
		Release|x64 = Release|x64
		Release|x86 = Release|x86
	EndGlobalSection
	GlobalSection(ProjectConfigurationPlatforms) = postSolution
		{9D701540-157A-4C8E-B2C9-C7881C23780C}.Debug|Any CPU.ActiveCfg = Debug|Any CPU
		{9D701540-157A-4C8E-B2C9-C7881C23780C}.Debug|Any CPU.Build.0 = Debug|Any CPU
		{9D701540-157A-4C8E-B2C9-C7881C23780C}.Debug|x64.ActiveCfg = Debug|Any CPU
		{9D701540-157A-4C8E-B2C9-C7881C23780C}.Debug|x64.Build.0 = Debug|Any CPU
		{9D701540-157A-4C8E-B2C9-C7881C23780C}.Debug|x86.ActiveCfg = Debug|Any CPU
		{9D701540-157A-4C8E-B2C9-C7881C23780C}.Debug|x86.Build.0 = Debug|Any CPU
		{9D701540-157A-4C8E-B2C9-C7881C23780C}.Release|Any CPU.ActiveCfg = Release|Any CPU
		{9D701540-157A-4C8E-B2C9-C7881C23780C}.Release|Any CPU.Build.0 = Release|Any CPU
		{9D701540-157A-4C8E-B2C9-C7881C23780C}.Release|x64.ActiveCfg = Release|Any CPU
		{9D701540-157A-4C8E-B2C9-C7881C23780C}.Release|x64.Build.0 = Release|Any CPU
		{9D701540-157A-4C8E-B2C9-C7881C23780C}.Release|x86.ActiveCfg = Release|Any CPU
		{9D701540-157A-4C8E-B2C9-C7881C23780C}.Release|x86.Build.0 = Release|Any CPU
		{4AEEA4F2-929B-4D67-9193-AD32875A15AB}.Debug|Any CPU.ActiveCfg = Debug|Any CPU
		{4AEEA4F2-929B-4D67-9193-AD32875A15AB}.Debug|Any CPU.Build.0 = Debug|Any CPU
		{4AEEA4F2-929B-4D67-9193-AD32875A15AB}.Debug|x64.ActiveCfg = Debug|Any CPU
		{4AEEA4F2-929B-4D67-9193-AD32875A15AB}.Debug|x64.Build.0 = Debug|Any CPU
		{4AEEA4F2-929B-4D67-9193-AD32875A15AB}.Debug|x86.ActiveCfg = Debug|Any CPU
		{4AEEA4F2-929B-4D67-9193-AD32875A15AB}.Debug|x86.Build.0 = Debug|Any CPU
		{4AEEA4F2-929B-4D67-9193-AD32875A15AB}.Release|Any CPU.ActiveCfg = Release|Any CPU
		{4AEEA4F2-929B-4D67-9193-AD32875A15AB}.Release|Any CPU.Build.0 = Release|Any CPU
		{4AEEA4F2-929B-4D67-9193-AD32875A15AB}.Release|x64.ActiveCfg = Release|Any CPU
		{4AEEA4F2-929B-4D67-9193-AD32875A15AB}.Release|x64.Build.0 = Release|Any CPU
		{4AEEA4F2-929B-4D67-9193-AD32875A15AB}.Release|x86.ActiveCfg = Release|Any CPU
		{4AEEA4F2-929B-4D67-9193-AD32875A15AB}.Release|x86.Build.0 = Release|Any CPU
		{8703EC00-6C8D-48F5-BEDF-D3473BAD73E3}.Debug|Any CPU.ActiveCfg = Debug|Any CPU
		{8703EC00-6C8D-48F5-BEDF-D3473BAD73E3}.Debug|Any CPU.Build.0 = Debug|Any CPU
		{8703EC00-6C8D-48F5-BEDF-D3473BAD73E3}.Debug|x64.ActiveCfg = Debug|Any CPU
		{8703EC00-6C8D-48F5-BEDF-D3473BAD73E3}.Debug|x64.Build.0 = Debug|Any CPU
		{8703EC00-6C8D-48F5-BEDF-D3473BAD73E3}.Debug|x86.ActiveCfg = Debug|Any CPU
		{8703EC00-6C8D-48F5-BEDF-D3473BAD73E3}.Debug|x86.Build.0 = Debug|Any CPU
		{8703EC00-6C8D-48F5-BEDF-D3473BAD73E3}.Release|Any CPU.ActiveCfg = Release|Any CPU
		{8703EC00-6C8D-48F5-BEDF-D3473BAD73E3}.Release|Any CPU.Build.0 = Release|Any CPU
		{8703EC00-6C8D-48F5-BEDF-D3473BAD73E3}.Release|x64.ActiveCfg = Release|Any CPU
		{8703EC00-6C8D-48F5-BEDF-D3473BAD73E3}.Release|x64.Build.0 = Release|Any CPU
		{8703EC00-6C8D-48F5-BEDF-D3473BAD73E3}.Release|x86.ActiveCfg = Release|Any CPU
		{8703EC00-6C8D-48F5-BEDF-D3473BAD73E3}.Release|x86.Build.0 = Release|Any CPU
	EndGlobalSection
	GlobalSection(SolutionProperties) = preSolution
		HideSolutionNode = FALSE
	EndGlobalSection
	GlobalSection(ExtensibilityGlobals) = postSolution
		SolutionGuid = {7EC25066-E51F-4B12-ACE7-B439DF920B2E}
	EndGlobalSection
EndGlobal
